
Microsoft Visual Studio Solution File, Format Version 12.00
# Visual Studio Version 17
VisualStudioVersion = 17.5.002.0
MinimumVisualStudioVersion = 10.0.40219.1
Project("{9A19103F-16F7-4668-BE54-9A1E7A4F7556}") = "Pixi_Notification_Backend", "Pixi_Notification_Backend.csproj", "{4FF845C6-A489-41CC-B769-8D96A27D4F36}"
EndProject
Global
	GlobalSection(SolutionConfigurationPlatforms) = preSolution
		Debug|Any CPU = Debug|Any CPU
		Release|Any CPU = Release|Any CPU
	EndGlobalSection
	GlobalSection(ProjectConfigurationPlatforms) = postSolution
		{4FF845C6-A489-41CC-B769-8D96A27D4F36}.Debug|Any CPU.ActiveCfg = Debug|Any CPU
		{4FF845C6-A489-41CC-B769-8D96A27D4F36}.Debug|Any CPU.Build.0 = Debug|Any CPU
		{4FF845C6-A489-41CC-B769-8D96A27D4F36}.Release|Any CPU.ActiveCfg = Release|Any CPU
		{4FF845C6-A489-41CC-B769-8D96A27D4F36}.Release|Any CPU.Build.0 = Release|Any CPU
	EndGlobalSection
	GlobalSection(SolutionProperties) = preSolution
		HideSolutionNode = FALSE
	EndGlobalSection
	GlobalSection(ExtensibilityGlobals) = postSolution
		SolutionGuid = {47CC39F0-0C11-41A3-B87B-C8D4BB0C8963}
	EndGlobalSection
EndGlobal
